
Microsoft Visual Studio Solution File, Format Version 12.00
# Visual Studio Version 17
VisualStudioVersion = 17.9.34728.123
MinimumVisualStudioVersion = 10.0.40219.1
Project("{9A19103F-16F7-4668-BE54-9A1E7A4F7556}") = "FRONTEND", "FRONTEND\FRONTEND.csproj", "{B22D3467-C0A1-423A-A863-0C8502FE96E6}"
	ProjectSection(ProjectDependencies) = postProject
		{9B271010-7D9E-41FF-B23C-84026927E837} = {9B271010-7D9E-41FF-B23C-84026927E837}
		{48C41D32-1B5A-4E01-9AD3-B6C934C39D29} = {48C41D32-1B5A-4E01-9AD3-B6C934C39D29}
		{B573BB9F-BDC9-4F8C-9470-794CDF6AF5B7} = {B573BB9F-BDC9-4F8C-9470-794CDF6AF5B7}
		{8B63FFA1-D218-43DE-B2AE-81BD3C9F4C92} = {8B63FFA1-D218-43DE-B2AE-81BD3C9F4C92}
	EndProjectSection
EndProject
Project("{9A19103F-16F7-4668-BE54-9A1E7A4F7556}") = "DAL", "..\DAL\DAL.csproj", "{9B271010-7D9E-41FF-B23C-84026927E837}"
	ProjectSection(ProjectDependencies) = postProject
		{48C41D32-1B5A-4E01-9AD3-B6C934C39D29} = {48C41D32-1B5A-4E01-9AD3-B6C934C39D29}
	EndProjectSection
EndProject
Project("{9A19103F-16F7-4668-BE54-9A1E7A4F7556}") = "BAL", "..\BAL\BAL.csproj", "{8B63FFA1-D218-43DE-B2AE-81BD3C9F4C92}"
	ProjectSection(ProjectDependencies) = postProject
		{9B271010-7D9E-41FF-B23C-84026927E837} = {9B271010-7D9E-41FF-B23C-84026927E837}
		{48C41D32-1B5A-4E01-9AD3-B6C934C39D29} = {48C41D32-1B5A-4E01-9AD3-B6C934C39D29}
	EndProjectSection
EndProject
Project("{9A19103F-16F7-4668-BE54-9A1E7A4F7556}") = "BOL", "..\BOL\BOL.csproj", "{48C41D32-1B5A-4E01-9AD3-B6C934C39D29}"
EndProject
Project("{9A19103F-16F7-4668-BE54-9A1E7A4F7556}") = "ADMIN", "..\ADMIN\ADMIN.csproj", "{67C7BFCF-0132-4DC6-9E0B-7E9FCC8235B6}"
	ProjectSection(ProjectDependencies) = postProject
		{9B271010-7D9E-41FF-B23C-84026927E837} = {9B271010-7D9E-41FF-B23C-84026927E837}
		{48C41D32-1B5A-4E01-9AD3-B6C934C39D29} = {48C41D32-1B5A-4E01-9AD3-B6C934C39D29}
		{8B63FFA1-D218-43DE-B2AE-81BD3C9F4C92} = {8B63FFA1-D218-43DE-B2AE-81BD3C9F4C92}
	EndProjectSection
EndProject
Project("{9A19103F-16F7-4668-BE54-9A1E7A4F7556}") = "COM", "..\COM\COM.csproj", "{E9E090E2-DBAC-4F29-90E1-FECAA77C5FA9}"
EndProject
Project("{9A19103F-16F7-4668-BE54-9A1E7A4F7556}") = "CLASSIFIED", "..\CLASSIFIED\CLASSIFIED.csproj", "{B573BB9F-BDC9-4F8C-9470-794CDF6AF5B7}"
	ProjectSection(ProjectDependencies) = postProject
		{9B271010-7D9E-41FF-B23C-84026927E837} = {9B271010-7D9E-41FF-B23C-84026927E837}
		{48C41D32-1B5A-4E01-9AD3-B6C934C39D29} = {48C41D32-1B5A-4E01-9AD3-B6C934C39D29}
		{8B63FFA1-D218-43DE-B2AE-81BD3C9F4C92} = {8B63FFA1-D218-43DE-B2AE-81BD3C9F4C92}
	EndProjectSection
EndProject
Project("{9A19103F-16F7-4668-BE54-9A1E7A4F7556}") = "IDENTITY", "..\IDENTITY\IDENTITY.csproj", "{6C20196E-5F5C-4A8D-9ABB-E402AB51C3DA}"
EndProject
Project("{2150E333-8FDC-42A3-9474-1A3956D46DE8}") = "Readme", "Readme", "{F5506BE7-5910-4E85-A26F-8EE500430B35}"
	ProjectSection(SolutionItems) = preProject
		Breadcrumb.txt = Breadcrumb.txt
		Claims And Policy Authorization Help.txt = Claims And Policy Authorization Help.txt
		Commands.txt = Commands.txt
		DLL References.txt = DLL References.txt
		ListingOwnerVerificationCode.txt = ListingOwnerVerificationCode.txt
		MapWorkingScript.txt = MapWorkingScript.txt
		Pending Tasks.txt = Pending Tasks.txt
		Repositories.txt = Repositories.txt
		Sql Server Commands.txt = Sql Server Commands.txt
	EndProjectSection
EndProject
Project("{9A19103F-16F7-4668-BE54-9A1E7A4F7556}") = "HUBS", "..\HUBS\HUBS.csproj", "{A1478F61-32B3-4F54-9357-675168BD52C4}"
EndProject
Project("{9A19103F-16F7-4668-BE54-9A1E7A4F7556}") = "STAFF", "..\STAFF\STAFF.csproj", "{737E2158-9570-4B7A-899F-0BF376897E95}"
EndProject
Project("{9A19103F-16F7-4668-BE54-9A1E7A4F7556}") = "FRONTEND.BLAZOR", "..\FRONTEND.BLAZOR\FRONTEND.BLAZOR.csproj", "{9DC64A77-BBFC-448B-91F8-07779A3A06BB}"
EndProject
Project("{9A19103F-16F7-4668-BE54-9A1E7A4F7556}") = "Utils", "Utils\Utils.csproj", "{08E45844-5DD1-4627-8DA7-7B9AE250909E}"
EndProject
Project("{9A19103F-16F7-4668-BE54-9A1E7A4F7556}") = "Components", "..\Components\Components.csproj", "{AC89635A-2C05-4936-AF34-CFF4458C3E97}"
EndProject
Project("{2150E333-8FDC-42A3-9474-1A3956D46DE8}") = "Solution Items", "Solution Items", "{44EE30A7-5199-46AD-B933-CF78A21CE39C}"
EndProject
Global
	GlobalSection(SolutionConfigurationPlatforms) = preSolution
		Debug|Any CPU = Debug|Any CPU
		Release|Any CPU = Release|Any CPU
	EndGlobalSection
	GlobalSection(ProjectConfigurationPlatforms) = postSolution
		{B22D3467-C0A1-423A-A863-0C8502FE96E6}.Debug|Any CPU.ActiveCfg = Debug|Any CPU
		{B22D3467-C0A1-423A-A863-0C8502FE96E6}.Debug|Any CPU.Build.0 = Debug|Any CPU
		{B22D3467-C0A1-423A-A863-0C8502FE96E6}.Release|Any CPU.ActiveCfg = Release|Any CPU
		{B22D3467-C0A1-423A-A863-0C8502FE96E6}.Release|Any CPU.Build.0 = Release|Any CPU
		{9B271010-7D9E-41FF-B23C-84026927E837}.Debug|Any CPU.ActiveCfg = Debug|Any CPU
		{9B271010-7D9E-41FF-B23C-84026927E837}.Debug|Any CPU.Build.0 = Debug|Any CPU
		{9B271010-7D9E-41FF-B23C-84026927E837}.Release|Any CPU.ActiveCfg = Release|Any CPU
		{9B271010-7D9E-41FF-B23C-84026927E837}.Release|Any CPU.Build.0 = Release|Any CPU
		{8B63FFA1-D218-43DE-B2AE-81BD3C9F4C92}.Debug|Any CPU.ActiveCfg = Debug|Any CPU
		{8B63FFA1-D218-43DE-B2AE-81BD3C9F4C92}.Debug|Any CPU.Build.0 = Debug|Any CPU
		{8B63FFA1-D218-43DE-B2AE-81BD3C9F4C92}.Release|Any CPU.ActiveCfg = Release|Any CPU
		{8B63FFA1-D218-43DE-B2AE-81BD3C9F4C92}.Release|Any CPU.Build.0 = Release|Any CPU
		{48C41D32-1B5A-4E01-9AD3-B6C934C39D29}.Debug|Any CPU.ActiveCfg = Debug|Any CPU
		{48C41D32-1B5A-4E01-9AD3-B6C934C39D29}.Debug|Any CPU.Build.0 = Debug|Any CPU
		{48C41D32-1B5A-4E01-9AD3-B6C934C39D29}.Release|Any CPU.ActiveCfg = Release|Any CPU
		{48C41D32-1B5A-4E01-9AD3-B6C934C39D29}.Release|Any CPU.Build.0 = Release|Any CPU
		{67C7BFCF-0132-4DC6-9E0B-7E9FCC8235B6}.Debug|Any CPU.ActiveCfg = Debug|Any CPU
		{67C7BFCF-0132-4DC6-9E0B-7E9FCC8235B6}.Debug|Any CPU.Build.0 = Debug|Any CPU
		{67C7BFCF-0132-4DC6-9E0B-7E9FCC8235B6}.Release|Any CPU.ActiveCfg = Release|Any CPU
		{67C7BFCF-0132-4DC6-9E0B-7E9FCC8235B6}.Release|Any CPU.Build.0 = Release|Any CPU
		{E9E090E2-DBAC-4F29-90E1-FECAA77C5FA9}.Debug|Any CPU.ActiveCfg = Debug|Any CPU
		{E9E090E2-DBAC-4F29-90E1-FECAA77C5FA9}.Debug|Any CPU.Build.0 = Debug|Any CPU
		{E9E090E2-DBAC-4F29-90E1-FECAA77C5FA9}.Release|Any CPU.ActiveCfg = Release|Any CPU
		{E9E090E2-DBAC-4F29-90E1-FECAA77C5FA9}.Release|Any CPU.Build.0 = Release|Any CPU
		{B573BB9F-BDC9-4F8C-9470-794CDF6AF5B7}.Debug|Any CPU.ActiveCfg = Debug|Any CPU
		{B573BB9F-BDC9-4F8C-9470-794CDF6AF5B7}.Debug|Any CPU.Build.0 = Debug|Any CPU
		{B573BB9F-BDC9-4F8C-9470-794CDF6AF5B7}.Release|Any CPU.ActiveCfg = Release|Any CPU
		{B573BB9F-BDC9-4F8C-9470-794CDF6AF5B7}.Release|Any CPU.Build.0 = Release|Any CPU
		{6C20196E-5F5C-4A8D-9ABB-E402AB51C3DA}.Debug|Any CPU.ActiveCfg = Debug|Any CPU
		{6C20196E-5F5C-4A8D-9ABB-E402AB51C3DA}.Debug|Any CPU.Build.0 = Debug|Any CPU
		{6C20196E-5F5C-4A8D-9ABB-E402AB51C3DA}.Release|Any CPU.ActiveCfg = Release|Any CPU
		{6C20196E-5F5C-4A8D-9ABB-E402AB51C3DA}.Release|Any CPU.Build.0 = Release|Any CPU
		{A1478F61-32B3-4F54-9357-675168BD52C4}.Debug|Any CPU.ActiveCfg = Debug|Any CPU
		{A1478F61-32B3-4F54-9357-675168BD52C4}.Debug|Any CPU.Build.0 = Debug|Any CPU
		{A1478F61-32B3-4F54-9357-675168BD52C4}.Release|Any CPU.ActiveCfg = Release|Any CPU
		{A1478F61-32B3-4F54-9357-675168BD52C4}.Release|Any CPU.Build.0 = Release|Any CPU
		{737E2158-9570-4B7A-899F-0BF376897E95}.Debug|Any CPU.ActiveCfg = Debug|Any CPU
		{737E2158-9570-4B7A-899F-0BF376897E95}.Debug|Any CPU.Build.0 = Debug|Any CPU
		{737E2158-9570-4B7A-899F-0BF376897E95}.Release|Any CPU.ActiveCfg = Release|Any CPU
		{737E2158-9570-4B7A-899F-0BF376897E95}.Release|Any CPU.Build.0 = Release|Any CPU
		{9DC64A77-BBFC-448B-91F8-07779A3A06BB}.Debug|Any CPU.ActiveCfg = Debug|Any CPU
		{9DC64A77-BBFC-448B-91F8-07779A3A06BB}.Debug|Any CPU.Build.0 = Debug|Any CPU
		{9DC64A77-BBFC-448B-91F8-07779A3A06BB}.Release|Any CPU.ActiveCfg = Release|Any CPU
		{9DC64A77-BBFC-448B-91F8-07779A3A06BB}.Release|Any CPU.Build.0 = Release|Any CPU
		{08E45844-5DD1-4627-8DA7-7B9AE250909E}.Debug|Any CPU.ActiveCfg = Debug|Any CPU
		{08E45844-5DD1-4627-8DA7-7B9AE250909E}.Debug|Any CPU.Build.0 = Debug|Any CPU
		{08E45844-5DD1-4627-8DA7-7B9AE250909E}.Release|Any CPU.ActiveCfg = Release|Any CPU
		{08E45844-5DD1-4627-8DA7-7B9AE250909E}.Release|Any CPU.Build.0 = Release|Any CPU
		{AC89635A-2C05-4936-AF34-CFF4458C3E97}.Debug|Any CPU.ActiveCfg = Debug|Any CPU
		{AC89635A-2C05-4936-AF34-CFF4458C3E97}.Debug|Any CPU.Build.0 = Debug|Any CPU
		{AC89635A-2C05-4936-AF34-CFF4458C3E97}.Release|Any CPU.ActiveCfg = Release|Any CPU
		{AC89635A-2C05-4936-AF34-CFF4458C3E97}.Release|Any CPU.Build.0 = Release|Any CPU
	EndGlobalSection
	GlobalSection(SolutionProperties) = preSolution
		HideSolutionNode = FALSE
	EndGlobalSection
	GlobalSection(ExtensibilityGlobals) = postSolution
		SolutionGuid = {99EB28DE-C8BA-4AC9-B65D-70257D5D916E}
	EndGlobalSection
EndGlobal
